# THIS IS AN AUTOGENERATED FILE. DO NOT EDIT THIS FILE DIRECTLY.
# yarn lockfile v1


"@tsconfig/node12@^1.0.7":
  version "1.0.7"
  resolved "https://registry.yarnpkg.com/@tsconfig/node12/-/node12-1.0.7.tgz#677bd9117e8164dc319987dd6ff5fc1ba6fbf18b"
  integrity sha512-dgasobK/Y0wVMswcipr3k0HpevxFJLijN03A8mYfEPvWvOs14v0ZlYTR4kIgMx8g4+fTyTFv8/jLCIfRqLDJ4A==

"@types/lodash@^4.14.161":
  version "4.14.161"
  resolved "https://registry.yarnpkg.com/@types/lodash/-/lodash-4.14.161.tgz#a21ca0777dabc6e4f44f3d07f37b765f54188b18"
  integrity sha512-EP6O3Jkr7bXvZZSZYlsgt5DIjiGr0dXP1/jVEwVLTFgg0d+3lWVQkRavYVQszV7dYUwvg0B8R0MBDpcmXg7XIA==

"@types/node@^24.0.0":
  version "24.13.2"
  resolved "https://registry.yarnpkg.com/@types/node/-/node-24.13.2.tgz#3b9b280a7055128359f125eb1067d9a190f39854"
  integrity sha512-fRa09kZTgu8o71KFcDjUFuc7F+dEbZYZmkI0mg5YBTRs0yMKjYHsq/c0urDKeDb+D5qVgXOdFcuu+DZPKOITwA==
  dependencies:
    undici-types "~7.18.0"

lodash@^4.17.20:
  version "4.18.1"
  resolved "https://registry.yarnpkg.com/lodash/-/lodash-4.18.1.tgz#ff2b66c1f6326d59513de2407bf881439812771c"
  integrity sha512-dMInicTPVE8d1e5otfwmmjlxkZoUpiVLwyeTdUsi/Caj/gfzzblBcCE5sRHV/AsjuCmxWrte2TNGSYuCeCq+0Q==

typescript@^5.5.0:
  version "5.9.3"
  resolved "https://registry.yarnpkg.com/typescript/-/typescript-5.9.3.tgz#5b4f59e15310ab17a216f5d6cf53ee476ede670f"
  integrity sha512-jl1vZzPDinLr9eUt3J/t7V6FgNEw9QjvBPdysz9KfQDD41fQrC2Y4vKQdiaUpFT4bXlb1RHhLpp8wtm6M5TgSw==

undici-types@~7.18.0:
  version "7.18.2"
  resolved "https://registry.yarnpkg.com/undici-types/-/undici-types-7.18.2.tgz#29357a89e7b7ca4aef3bf0fd3fd0cd73884229e9"
  integrity sha512-AsuCzffGHJybSaRrmr5eHr81mwJU3kjw6M+uprWvCXiNeN9SOGwQ3Jn8jb8m3Z6izVgknn1R0FTCEAP2QrLY/w==
